<?xml version="1.0" encoding="utf-8"?>
<Project ToolsVersion="4.0" xmlns="http://schemas.microsoft.com/developer/msbuild/2003">
  <ItemGroup>
    <Filter Include="include">
      <UniqueIdentifier>{17742a1e-02eb-4d6a-a1da-2529d7cb4633}</UniqueIdentifier>
    </Filter>
    <Filter Include="src">
      <UniqueIdentifier>{72dc7cd9-7ff6-4dd0-b6e0-c8a59dc928e6}</UniqueIdentifier>
    </Filter>
    <Filter Include="include\mass_functions">
      <UniqueIdentifier>{6a66d479-19b5-4f3a-b259-4e586abfd027}</UniqueIdentifier>
    </Filter>
  </ItemGroup>
  <ItemGroup>
    <CudaCompile Include="main.cu">
      <Filter>src</Filter>
    </CudaCompile>
  </ItemGroup>
  <ItemGroup>
    <ClInclude Include="complex.cuh">
      <Filter>include</Filter>
    </ClInclude>
    <ClInclude Include="irs_functions.cuh">
      <Filter>include</Filter>
    </ClInclude>
    <ClInclude Include="star.cuh">
      <Filter>include</Filter>
    </ClInclude>
    <ClInclude Include="tree_node.cuh">
      <Filter>include</Filter>
    </ClInclude>
    <ClInclude Include="binomial_coefficients.cuh">
      <Filter>include</Filter>
    </ClInclude>
    <ClInclude Include="stopwatch.hpp">
      <Filter>include</Filter>
    </ClInclude>
    <ClInclude Include="irs.cuh">
      <Filter>include</Filter>
    </ClInclude>
    <ClInclude Include="fmm.cuh">
      <Filter>include</Filter>
    </ClInclude>
    <ClInclude Include="util.cuh">
      <Filter>include</Filter>
    </ClInclude>
    <ClInclude Include="alpha_local.cuh">
      <Filter>include</Filter>
    </ClInclude>
    <ClInclude Include="alpha_smooth.cuh">
      <Filter>include</Filter>
    </ClInclude>
    <ClInclude Include="alpha_star.cuh">
      <Filter>include</Filter>
    </ClInclude>
    <ClInclude Include="ipm.cuh">
      <Filter>include</Filter>
    </ClInclude>
    <ClInclude Include="ipm_functions.cuh">
      <Filter>include</Filter>
    </ClInclude>
    <ClInclude Include="polygon.cuh">
      <Filter>include</Filter>
    </ClInclude>
    <ClInclude Include="array_functions.cuh">
      <Filter>include</Filter>
    </ClInclude>
    <ClInclude Include="mass_functions\mass_function_base.cuh">
      <Filter>include\mass_functions</Filter>
    </ClInclude>
    <ClInclude Include="mass_functions\power_law.cuh">
      <Filter>include\mass_functions</Filter>
    </ClInclude>
    <ClInclude Include="mass_functions\salpeter.cuh">
      <Filter>include\mass_functions</Filter>
    </ClInclude>
    <ClInclude Include="mass_functions\uniform.cuh">
      <Filter>include\mass_functions</Filter>
    </ClInclude>
    <ClInclude Include="mass_functions\equal.cuh">
      <Filter>include\mass_functions</Filter>
    </ClInclude>
    <ClInclude Include="mass_functions.cuh">
      <Filter>include</Filter>
    </ClInclude>
    <ClInclude Include="mass_functions\kroupa.cuh">
      <Filter>include\mass_functions</Filter>
    </ClInclude>
    <ClInclude Include="mass_functions\optical_depth.cuh">
      <Filter>include\mass_functions</Filter>
    </ClInclude>
  </ItemGroup>
</Project>