<?xml version="1.0" encoding="utf-8"?>
<Project ToolsVersion="4.0" xmlns="http://schemas.microsoft.com/developer/msbuild/2003">
  <ItemGroup>
    <Filter Include="include">
      <UniqueIdentifier>{17742a1e-02eb-4d6a-a1da-2529d7cb4633}</UniqueIdentifier>
    </Filter>
    <Filter Include="src">
      <UniqueIdentifier>{72dc7cd9-7ff6-4dd0-b6e0-c8a59dc928e6}</UniqueIdentifier>
    </Filter>
  </ItemGroup>
  <ItemGroup>
    <CudaCompile Include="main.cu">
      <Filter>src</Filter>
    </CudaCompile>
  </ItemGroup>
  <ItemGroup>
    <ClInclude Include="util.hpp">
      <Filter>include</Filter>
    </ClInclude>
    <ClInclude Include="complex.cuh">
      <Filter>include</Filter>
    </ClInclude>
    <ClInclude Include="irs_microlensing.cuh">
      <Filter>include</Filter>
    </ClInclude>
    <ClInclude Include="mass_function.cuh">
      <Filter>include</Filter>
    </ClInclude>
    <ClInclude Include="star.cuh">
      <Filter>include</Filter>
    </ClInclude>
  </ItemGroup>
</Project>